
Microsoft Visual Studio Solution File, Format Version 12.00
# Visual Studio Version 17
VisualStudioVersion = 17.4.33213.308
MinimumVisualStudioVersion = 10.0.40219.1
Project("{FAE04EC0-301F-11D3-BF4B-00C04F79EFBC}") = "EditorHtml", "EditorHtml.csproj", "{286473F4-DF7A-439B-A0F7-C154A13DF06D}"
EndProject
Global
	GlobalSection(SolutionConfigurationPlatforms) = preSolution
		Debug|Any CPU = Debug|Any CPU
		Release|Any CPU = Release|Any CPU
	EndGlobalSection
	GlobalSection(ProjectConfigurationPlatforms) = postSolution
		{286473F4-DF7A-439B-A0F7-C154A13DF06D}.Debug|Any CPU.ActiveCfg = Debug|Any CPU
		{286473F4-DF7A-439B-A0F7-C154A13DF06D}.Debug|Any CPU.Build.0 = Debug|Any CPU
		{286473F4-DF7A-439B-A0F7-C154A13DF06D}.Release|Any CPU.ActiveCfg = Release|Any CPU
		{286473F4-DF7A-439B-A0F7-C154A13DF06D}.Release|Any CPU.Build.0 = Release|Any CPU
	EndGlobalSection
	GlobalSection(SolutionProperties) = preSolution
		HideSolutionNode = FALSE
	EndGlobalSection
	GlobalSection(ExtensibilityGlobals) = postSolution
		SolutionGuid = {014E3A2A-4875-4B0B-B9FC-9877AEDF61F3}
	EndGlobalSection
EndGlobal
